// !$*UTF8*$!
{
	archiveVersion = 1;
	classes = {
	};
	objectVersion = 46;
	objects = {

/* Begin PBXAggregateTarget section */
		74FE76B98F5848CC9DAE217C /* ALL_BUILD */ = {
			isa = PBXAggregateTarget;
			buildConfigurationList = 3C4A0D0A9D0F4478A5C0EE35 /* Build configuration list for PBXAggregateTarget "ALL_BUILD" */;
			buildPhases = (
				502F8DBF301D45BEA7425632 /* CMake Rules */,
			);
			dependencies = (
				3A096648EAC04604973964A5 /* PBXTargetDependency */,
				F0C9A23B26E64612AF31D598 /* PBXTargetDependency */,
			);
			name = ALL_BUILD;
			productName = ALL_BUILD;
		};
		F4719B8ACC214020ACEE4D86 /* ZERO_CHECK */ = {
			isa = PBXAggregateTarget;
			buildConfigurationList = BD41C714558344288BE69C60 /* Build configuration list for PBXAggregateTarget "ZERO_CHECK" */;
			buildPhases = (
				CD989FAB7A094339A7C68EC6 /* CMake Rules */,
			);
			dependencies = (
			);
			name = ZERO_CHECK;
			productName = ZERO_CHECK;
		};
/* End PBXAggregateTarget section */

/* Begin PBXBuildFile section */
		25EF6FB1EBA74AA3B85058F2 /* /Users/denyskrut/Documents/Unscented-Kalman-Filter/src/tools.cpp */ = {isa = PBXBuildFile; fileRef = F1E51494A9BD4E1F960BA3B4 /* /Users/denyskrut/Documents/Unscented-Kalman-Filter/src/tools.cpp */; };
		5B255685D96642CDAA05F2F6 /* /Users/denyskrut/Documents/Unscented-Kalman-Filter/src/ukf.cpp */ = {isa = PBXBuildFile; fileRef = AAB5A7D095054A5684A8C458 /* /Users/denyskrut/Documents/Unscented-Kalman-Filter/src/ukf.cpp */; };
		C92AA7568A1241A996A7DA69 /* /Users/denyskrut/Documents/Unscented-Kalman-Filter/CMakeLists.txt */ = {isa = PBXBuildFile; fileRef = 8C4DA341E045410584D337F5 /* /Users/denyskrut/Documents/Unscented-Kalman-Filter/CMakeLists.txt */; };
		FB9EAA5BDD1B4308923DAB03 /* /Users/denyskrut/Documents/Unscented-Kalman-Filter/src/main.cpp */ = {isa = PBXBuildFile; fileRef = FFB9FB19BF07421187CA813A /* /Users/denyskrut/Documents/Unscented-Kalman-Filter/src/main.cpp */; };
/* End PBXBuildFile section */

/* Begin PBXBuildStyle section */
		29EA3A31C5724E40BE524AB5 /* Release */ = {
			isa = PBXBuildStyle;
			buildSettings = {
				COPY_PHASE_STRIP = NO;
			};
			name = Release;
		};
		5DB93CE435AD45C4BF98BCC3 = {
			isa = PBXBuildStyle;
		};
		7C043A142F67421288B3D463 /* MinSizeRel */ = {
			isa = PBXBuildStyle;
			buildSettings = {
				COPY_PHASE_STRIP = NO;
			};
			name = MinSizeRel;
		};
		D304B07ABCC7484EAB934FC8 /* RelWithDebInfo */ = {
			isa = PBXBuildStyle;
			buildSettings = {
				COPY_PHASE_STRIP = NO;
			};
			name = RelWithDebInfo;
		};
		D353AA68556A425A9CDDF788 /* Debug */ = {
			isa = PBXBuildStyle;
			buildSettings = {
				COPY_PHASE_STRIP = NO;
			};
			name = Debug;
		};
/* End PBXBuildStyle section */

/* Begin PBXContainerItemProxy section */
		93E80DF69824425095C460F3 /* PBXContainerItemProxy */ = {
			isa = PBXContainerItemProxy;
			containerPortal = 2160E2C95CB44B4ABB000092 /* Project object */;
			proxyType = 1;
			remoteGlobalIDString = F4719B8ACC214020ACEE4D86;
			remoteInfo = ZERO_CHECK;
		};
		D8929619049F428DB6A3722E /* PBXContainerItemProxy */ = {
			isa = PBXContainerItemProxy;
			containerPortal = 2160E2C95CB44B4ABB000092 /* Project object */;
			proxyType = 1;
			remoteGlobalIDString = 0E7EBAAC7A164A999C3D8661;
			remoteInfo = UnscentedKF;
		};
		F6C62BF65A9B4A608933F943 /* PBXContainerItemProxy */ = {
			isa = PBXContainerItemProxy;
			containerPortal = 2160E2C95CB44B4ABB000092 /* Project object */;
			proxyType = 1;
			remoteGlobalIDString = F4719B8ACC214020ACEE4D86;
			remoteInfo = ZERO_CHECK;
		};
/* End PBXContainerItemProxy section */

/* Begin PBXFileReference section */
		7363CB356D7B494C8078AB7B /* /Users/denyskrut/Documents/Unscented-Kalman-Filter/CMakeLists.txt */ = {isa = PBXFileReference; explicitFileType = sourcecode.text; fileEncoding = 4; name = CMakeLists.txt; path = CMakeLists.txt; sourceTree = SOURCE_ROOT; };
		8C4DA341E045410584D337F5 /* /Users/denyskrut/Documents/Unscented-Kalman-Filter/CMakeLists.txt */ = {isa = PBXFileReference; explicitFileType = sourcecode.text; fileEncoding = 4; name = CMakeLists.txt; path = CMakeLists.txt; sourceTree = SOURCE_ROOT; };
		8C8C50487A1E46AB8F489560 /* UnscentedKF */ = {isa = PBXFileReference; explicitFileType = "compiled.mach-o.executable"; path = UnscentedKF; sourceTree = BUILT_PRODUCTS_DIR; };
		AAB5A7D095054A5684A8C458 /* /Users/denyskrut/Documents/Unscented-Kalman-Filter/src/ukf.cpp */ = {isa = PBXFileReference; explicitFileType = sourcecode.cpp.cpp; fileEncoding = 4; name = ukf.cpp; path = src/ukf.cpp; sourceTree = SOURCE_ROOT; };
		DFB80DF78FDA453E9746BABA /* /Users/denyskrut/Documents/Unscented-Kalman-Filter/CMakeLists.txt */ = {isa = PBXFileReference; explicitFileType = sourcecode.text; fileEncoding = 4; name = CMakeLists.txt; path = CMakeLists.txt; sourceTree = SOURCE_ROOT; };
		F1E51494A9BD4E1F960BA3B4 /* /Users/denyskrut/Documents/Unscented-Kalman-Filter/src/tools.cpp */ = {isa = PBXFileReference; explicitFileType = sourcecode.cpp.cpp; fileEncoding = 4; name = tools.cpp; path = src/tools.cpp; sourceTree = SOURCE_ROOT; };
		FFB9FB19BF07421187CA813A /* /Users/denyskrut/Documents/Unscented-Kalman-Filter/src/main.cpp */ = {isa = PBXFileReference; explicitFileType = sourcecode.cpp.cpp; fileEncoding = 4; name = main.cpp; path = src/main.cpp; sourceTree = SOURCE_ROOT; };
/* End PBXFileReference section */

/* Begin PBXGroup section */
		007B0244C44C42B4B1267DD5 /* ZERO_CHECK */ = {
			isa = PBXGroup;
			children = (
				C4C95FBC50B1481E96ED5299 /* CMake Rules */,
				7363CB356D7B494C8078AB7B /* /Users/denyskrut/Documents/Unscented-Kalman-Filter/CMakeLists.txt */,
			);
			name = ZERO_CHECK;
			sourceTree = "<group>";
		};
		392CF0A36A714F66B1307759 /* Source Files */ = {
			isa = PBXGroup;
			children = (
				FFB9FB19BF07421187CA813A /* /Users/denyskrut/Documents/Unscented-Kalman-Filter/src/main.cpp */,
				F1E51494A9BD4E1F960BA3B4 /* /Users/denyskrut/Documents/Unscented-Kalman-Filter/src/tools.cpp */,
				AAB5A7D095054A5684A8C458 /* /Users/denyskrut/Documents/Unscented-Kalman-Filter/src/ukf.cpp */,
			);
			name = "Source Files";
			sourceTree = "<group>";
		};
		54688BB71B58422999EE9F6D /* Resources */ = {
			isa = PBXGroup;
			children = (
			);
			name = Resources;
			sourceTree = "<group>";
		};
		640C1BDB62A14B2BB2A5C881 /* ALL_BUILD */ = {
			isa = PBXGroup;
			children = (
				7F57DCF787B143FBBE4CC8D7 /* CMake Rules */,
				DFB80DF78FDA453E9746BABA /* /Users/denyskrut/Documents/Unscented-Kalman-Filter/CMakeLists.txt */,
			);
			name = ALL_BUILD;
			sourceTree = "<group>";
		};
		7F57DCF787B143FBBE4CC8D7 /* CMake Rules */ = {
			isa = PBXGroup;
			children = (
			);
			name = "CMake Rules";
			sourceTree = "<group>";
		};
		8E85DF52A7CB4A6895B8A00A /* Sources */ = {
			isa = PBXGroup;
			children = (
				D25C8FF170824118863EC1A5 /* UnscentedKF */,
				640C1BDB62A14B2BB2A5C881 /* ALL_BUILD */,
				007B0244C44C42B4B1267DD5 /* ZERO_CHECK */,
			);
			name = Sources;
			sourceTree = "<group>";
		};
		C4C95FBC50B1481E96ED5299 /* CMake Rules */ = {
			isa = PBXGroup;
			children = (
			);
			name = "CMake Rules";
			sourceTree = "<group>";
		};
		D25C8FF170824118863EC1A5 /* UnscentedKF */ = {
			isa = PBXGroup;
			children = (
				392CF0A36A714F66B1307759 /* Source Files */,
				8C4DA341E045410584D337F5 /* /Users/denyskrut/Documents/Unscented-Kalman-Filter/CMakeLists.txt */,
			);
			name = UnscentedKF;
			sourceTree = "<group>";
		};
		DCDC0A742EF34CADB4930BC2 /* Products */ = {
			isa = PBXGroup;
			children = (
				8C8C50487A1E46AB8F489560 /* UnscentedKF */,
			);
			name = Products;
			sourceTree = "<group>";
		};
		F16B4D2E06B54F178D7C650F = {
			isa = PBXGroup;
			children = (
				8E85DF52A7CB4A6895B8A00A /* Sources */,
				54688BB71B58422999EE9F6D /* Resources */,
				DCDC0A742EF34CADB4930BC2 /* Products */,
			);
			sourceTree = "<group>";
		};
/* End PBXGroup section */

/* Begin PBXNativeTarget section */
		0E7EBAAC7A164A999C3D8661 /* UnscentedKF */ = {
			isa = PBXNativeTarget;
			buildConfigurationList = C76ADB68A8ED4B7E9AC6612C /* Build configuration list for PBXNativeTarget "UnscentedKF" */;
			buildPhases = (
				5219984E79064234A3DB65F3 /* Sources */,
			);
			buildRules = (
			);
			dependencies = (
				27633D4E597B46F494C34F81 /* PBXTargetDependency */,
			);
			name = UnscentedKF;
			productName = UnscentedKF;
			productReference = 8C8C50487A1E46AB8F489560 /* UnscentedKF */;
			productType = "com.apple.product-type.tool";
		};
/* End PBXNativeTarget section */

/* Begin PBXProject section */
		2160E2C95CB44B4ABB000092 /* Project object */ = {
			isa = PBXProject;
			attributes = {
				BuildIndependentTargetsInParallel = YES;
				LastUpgradeCheck = 0830;
			};
			buildConfigurationList = 325C50A777E342AE8FE699BB /* Build configuration list for PBXProject "UnscentedKF" */;
			buildSettings = {
			};
			buildStyles = (
				D353AA68556A425A9CDDF788 /* Debug */,
				29EA3A31C5724E40BE524AB5 /* Release */,
				7C043A142F67421288B3D463 /* MinSizeRel */,
				D304B07ABCC7484EAB934FC8 /* RelWithDebInfo */,
			);
			compatibilityVersion = "Xcode 3.2";
			hasScannedForEncodings = 0;
			mainGroup = F16B4D2E06B54F178D7C650F;
			projectDirPath = .;
			projectRoot = "";
			targets = (
				74FE76B98F5848CC9DAE217C /* ALL_BUILD */,
				0E7EBAAC7A164A999C3D8661 /* UnscentedKF */,
				F4719B8ACC214020ACEE4D86 /* ZERO_CHECK */,
			);
		};
/* End PBXProject section */

/* Begin PBXShellScriptBuildPhase section */
		502F8DBF301D45BEA7425632 /* CMake Rules */ = {
			isa = PBXShellScriptBuildPhase;
			buildActionMask = 2147483647;
			files = (
			);
			name = "CMake Rules";
			runOnlyForDeploymentPostprocessing = 0;
			shellPath = /bin/sh;
			shellScript = "make -C /Users/denyskrut/Documents/Unscented-Kalman-Filter -f /Users/denyskrut/Documents/Unscented-Kalman-Filter/CMakeScripts/ALL_BUILD_cmakeRulesBuildPhase.make$CONFIGURATION all";
			showEnvVarsInLog = 0;
		};
		880BE10B89E249048173365A = {
			isa = PBXShellScriptBuildPhase;
			buildActionMask = 2147483647;
			files = (
			);
			inputPaths = (
			);
			outputPaths = (
			);
			runOnlyForDeploymentPostprocessing = 0;
			shellPath = /bin/sh;
			shellScript = "# shell script goes here
exit 0";
			showEnvVarsInLog = 0;
		};
		CD989FAB7A094339A7C68EC6 /* CMake Rules */ = {
			isa = PBXShellScriptBuildPhase;
			buildActionMask = 2147483647;
			files = (
			);
			name = "CMake Rules";
			runOnlyForDeploymentPostprocessing = 0;
			shellPath = /bin/sh;
			shellScript = "make -C /Users/denyskrut/Documents/Unscented-Kalman-Filter -f /Users/denyskrut/Documents/Unscented-Kalman-Filter/CMakeScripts/ZERO_CHECK_cmakeRulesBuildPhase.make$CONFIGURATION all";
			showEnvVarsInLog = 0;
		};
		F93467858FC04C859A791972 = {
			isa = PBXShellScriptBuildPhase;
			buildActionMask = 2147483647;
			files = (
			);
			inputPaths = (
			);
			outputPaths = (
			);
			runOnlyForDeploymentPostprocessing = 0;
			shellPath = /bin/sh;
			shellScript = "# shell script goes here
exit 0";
			showEnvVarsInLog = 0;
		};
/* End PBXShellScriptBuildPhase section */

/* Begin PBXSourcesBuildPhase section */
		5219984E79064234A3DB65F3 /* Sources */ = {
			isa = PBXSourcesBuildPhase;
			buildActionMask = 2147483647;
			files = (
				FB9EAA5BDD1B4308923DAB03 /* /Users/denyskrut/Documents/Unscented-Kalman-Filter/src/main.cpp */,
				25EF6FB1EBA74AA3B85058F2 /* /Users/denyskrut/Documents/Unscented-Kalman-Filter/src/tools.cpp */,
				5B255685D96642CDAA05F2F6 /* /Users/denyskrut/Documents/Unscented-Kalman-Filter/src/ukf.cpp */,
			);
			runOnlyForDeploymentPostprocessing = 0;
		};
/* End PBXSourcesBuildPhase section */

/* Begin PBXTargetDependency section */
		27633D4E597B46F494C34F81 /* PBXTargetDependency */ = {
			isa = PBXTargetDependency;
			target = F4719B8ACC214020ACEE4D86 /* ZERO_CHECK */;
			targetProxy = 93E80DF69824425095C460F3 /* PBXContainerItemProxy */;
		};
		3A096648EAC04604973964A5 /* PBXTargetDependency */ = {
			isa = PBXTargetDependency;
			target = F4719B8ACC214020ACEE4D86 /* ZERO_CHECK */;
			targetProxy = F6C62BF65A9B4A608933F943 /* PBXContainerItemProxy */;
		};
		F0C9A23B26E64612AF31D598 /* PBXTargetDependency */ = {
			isa = PBXTargetDependency;
			target = 0E7EBAAC7A164A999C3D8661 /* UnscentedKF */;
			targetProxy = D8929619049F428DB6A3722E /* PBXContainerItemProxy */;
		};
/* End PBXTargetDependency section */

/* Begin XCBuildConfiguration section */
		0253C06889244A20A804DB11 /* MinSizeRel */ = {
			isa = XCBuildConfiguration;
			buildSettings = {
				COMBINE_HIDPI_IMAGES = YES;
				GCC_GENERATE_DEBUGGING_SYMBOLS = YES;
				GCC_INLINES_ARE_PRIVATE_EXTERN = NO;
				GCC_OPTIMIZATION_LEVEL = 0;
				GCC_PREPROCESSOR_DEFINITIONS = ("'CMAKE_INTDIR=\"$(CONFIGURATION)$(EFFECTIVE_PLATFORM_NAME)\"'");
				GCC_SYMBOLS_PRIVATE_EXTERN = NO;
				INSTALL_PATH = "";
				OTHER_LDFLAGS = " ";
				OTHER_REZFLAGS = "";
				PRODUCT_NAME = ZERO_CHECK;
				SECTORDER_FLAGS = "";
				SYMROOT = "/Users/denyskrut/Documents/Unscented-Kalman-Filter";
				USE_HEADERMAP = NO;
				WARNING_CFLAGS = ("-Wmost","-Wno-four-char-constants","-Wno-unknown-pragmas","$(inherited)");
			};
			name = MinSizeRel;
		};
		10611DB2D95A49E88D73DACF /* Release */ = {
			isa = XCBuildConfiguration;
			buildSettings = {
				COMBINE_HIDPI_IMAGES = YES;
				GCC_GENERATE_DEBUGGING_SYMBOLS = YES;
				GCC_INLINES_ARE_PRIVATE_EXTERN = NO;
				GCC_OPTIMIZATION_LEVEL = 0;
				GCC_PREPROCESSOR_DEFINITIONS = ("'CMAKE_INTDIR=\"$(CONFIGURATION)$(EFFECTIVE_PLATFORM_NAME)\"'");
				GCC_SYMBOLS_PRIVATE_EXTERN = NO;
				INSTALL_PATH = "";
				OTHER_LDFLAGS = " ";
				OTHER_REZFLAGS = "";
				PRODUCT_NAME = ZERO_CHECK;
				SECTORDER_FLAGS = "";
				SYMROOT = "/Users/denyskrut/Documents/Unscented-Kalman-Filter";
				USE_HEADERMAP = NO;
				WARNING_CFLAGS = ("-Wmost","-Wno-four-char-constants","-Wno-unknown-pragmas","$(inherited)");
			};
			name = Release;
		};
		1FCC9A76ED58453FA4E2889D /* Release */ = {
			isa = XCBuildConfiguration;
			buildSettings = {
				ONLY_ACTIVE_ARCH = YES;
				SDKROOT = /Applications/Xcode.app/Contents/Developer/Platforms/MacOSX.platform/Developer/SDKs/MacOSX10.12.sdk;
				SYMROOT = "/Users/denyskrut/Documents/Unscented-Kalman-Filter/build";
			};
			name = Release;
		};
		26B467BEA78741CCB544087C /* Debug */ = {
			isa = XCBuildConfiguration;
			buildSettings = {
				ONLY_ACTIVE_ARCH = YES;
				SDKROOT = /Applications/Xcode.app/Contents/Developer/Platforms/MacOSX.platform/Developer/SDKs/MacOSX10.12.sdk;
				SYMROOT = "/Users/denyskrut/Documents/Unscented-Kalman-Filter/build";
			};
			name = Debug;
		};
		3F0D406BA798490AAC6F6881 /* MinSizeRel */ = {
			isa = XCBuildConfiguration;
			buildSettings = {
				ONLY_ACTIVE_ARCH = YES;
				SDKROOT = /Applications/Xcode.app/Contents/Developer/Platforms/MacOSX.platform/Developer/SDKs/MacOSX10.12.sdk;
				SYMROOT = "/Users/denyskrut/Documents/Unscented-Kalman-Filter/build";
			};
			name = MinSizeRel;
		};
		43F874C295C143D0949B0562 /* Debug */ = {
			isa = XCBuildConfiguration;
			buildSettings = {
				COMBINE_HIDPI_IMAGES = YES;
				GCC_GENERATE_DEBUGGING_SYMBOLS = YES;
				GCC_INLINES_ARE_PRIVATE_EXTERN = NO;
				GCC_OPTIMIZATION_LEVEL = 0;
				GCC_PREPROCESSOR_DEFINITIONS = ("'CMAKE_INTDIR=\"$(CONFIGURATION)$(EFFECTIVE_PLATFORM_NAME)\"'");
				GCC_SYMBOLS_PRIVATE_EXTERN = NO;
				INSTALL_PATH = "";
				OTHER_LDFLAGS = " ";
				OTHER_REZFLAGS = "";
				PRODUCT_NAME = ALL_BUILD;
				SECTORDER_FLAGS = "";
				SYMROOT = "/Users/denyskrut/Documents/Unscented-Kalman-Filter";
				USE_HEADERMAP = NO;
				WARNING_CFLAGS = ("-Wmost","-Wno-four-char-constants","-Wno-unknown-pragmas","$(inherited)");
			};
			name = Debug;
		};
		68C457ACE36F4EF488EC18CC /* RelWithDebInfo */ = {
			isa = XCBuildConfiguration;
			buildSettings = {
				ONLY_ACTIVE_ARCH = YES;
				SDKROOT = /Applications/Xcode.app/Contents/Developer/Platforms/MacOSX.platform/Developer/SDKs/MacOSX10.12.sdk;
				SYMROOT = "/Users/denyskrut/Documents/Unscented-Kalman-Filter/build";
			};
			name = RelWithDebInfo;
		};
		6C6FE68D13B449DB9D884690 /* RelWithDebInfo */ = {
			isa = XCBuildConfiguration;
			buildSettings = {
				COMBINE_HIDPI_IMAGES = YES;
				GCC_GENERATE_DEBUGGING_SYMBOLS = YES;
				GCC_INLINES_ARE_PRIVATE_EXTERN = NO;
				GCC_OPTIMIZATION_LEVEL = 0;
				GCC_PREPROCESSOR_DEFINITIONS = ("'CMAKE_INTDIR=\"$(CONFIGURATION)$(EFFECTIVE_PLATFORM_NAME)\"'");
				GCC_SYMBOLS_PRIVATE_EXTERN = NO;
				INSTALL_PATH = "";
				OTHER_LDFLAGS = " ";
				OTHER_REZFLAGS = "";
				PRODUCT_NAME = ALL_BUILD;
				SECTORDER_FLAGS = "";
				SYMROOT = "/Users/denyskrut/Documents/Unscented-Kalman-Filter";
				USE_HEADERMAP = NO;
				WARNING_CFLAGS = ("-Wmost","-Wno-four-char-constants","-Wno-unknown-pragmas","$(inherited)");
			};
			name = RelWithDebInfo;
		};
		833E4BF1CA3445D79F441C0B /* Release */ = {
			isa = XCBuildConfiguration;
			buildSettings = {
				COMBINE_HIDPI_IMAGES = YES;
				EXECUTABLE_PREFIX = "";
				EXECUTABLE_SUFFIX = "";
				GCC_GENERATE_DEBUGGING_SYMBOLS = NO;
				GCC_INLINES_ARE_PRIVATE_EXTERN = NO;
				GCC_OPTIMIZATION_LEVEL = 3;
				GCC_PREPROCESSOR_DEFINITIONS = ("'CMAKE_INTDIR=\"$(CONFIGURATION)$(EFFECTIVE_PLATFORM_NAME)\"'");
				GCC_SYMBOLS_PRIVATE_EXTERN = NO;
				INSTALL_PATH = "";
				LIBRARY_SEARCH_PATHS = "";
				OTHER_CPLUSPLUSFLAGS = "    -DNDEBUG   -std=c++0x";
				OTHER_LDFLAGS = " -Wl,-search_paths_first -Wl,-headerpad_max_install_names  ";
				OTHER_REZFLAGS = "";
				PRODUCT_NAME = UnscentedKF;
				SECTORDER_FLAGS = "";
				SYMROOT = "/Users/denyskrut/Documents/Unscented-Kalman-Filter";
				USE_HEADERMAP = NO;
				WARNING_CFLAGS = ("-Wmost","-Wno-four-char-constants","-Wno-unknown-pragmas","$(inherited)");
			};
			name = Release;
		};
		A9375740DF164336BD7A22DA /* RelWithDebInfo */ = {
			isa = XCBuildConfiguration;
			buildSettings = {
				COMBINE_HIDPI_IMAGES = YES;
				GCC_GENERATE_DEBUGGING_SYMBOLS = YES;
				GCC_INLINES_ARE_PRIVATE_EXTERN = NO;
				GCC_OPTIMIZATION_LEVEL = 0;
				GCC_PREPROCESSOR_DEFINITIONS = ("'CMAKE_INTDIR=\"$(CONFIGURATION)$(EFFECTIVE_PLATFORM_NAME)\"'");
				GCC_SYMBOLS_PRIVATE_EXTERN = NO;
				INSTALL_PATH = "";
				OTHER_LDFLAGS = " ";
				OTHER_REZFLAGS = "";
				PRODUCT_NAME = ZERO_CHECK;
				SECTORDER_FLAGS = "";
				SYMROOT = "/Users/denyskrut/Documents/Unscented-Kalman-Filter";
				USE_HEADERMAP = NO;
				WARNING_CFLAGS = ("-Wmost","-Wno-four-char-constants","-Wno-unknown-pragmas","$(inherited)");
			};
			name = RelWithDebInfo;
		};
		C77A07C07D3547A09B61C19F /* Release */ = {
			isa = XCBuildConfiguration;
			buildSettings = {
				COMBINE_HIDPI_IMAGES = YES;
				GCC_GENERATE_DEBUGGING_SYMBOLS = YES;
				GCC_INLINES_ARE_PRIVATE_EXTERN = NO;
				GCC_OPTIMIZATION_LEVEL = 0;
				GCC_PREPROCESSOR_DEFINITIONS = ("'CMAKE_INTDIR=\"$(CONFIGURATION)$(EFFECTIVE_PLATFORM_NAME)\"'");
				GCC_SYMBOLS_PRIVATE_EXTERN = NO;
				INSTALL_PATH = "";
				OTHER_LDFLAGS = " ";
				OTHER_REZFLAGS = "";
				PRODUCT_NAME = ALL_BUILD;
				SECTORDER_FLAGS = "";
				SYMROOT = "/Users/denyskrut/Documents/Unscented-Kalman-Filter";
				USE_HEADERMAP = NO;
				WARNING_CFLAGS = ("-Wmost","-Wno-four-char-constants","-Wno-unknown-pragmas","$(inherited)");
			};
			name = Release;
		};
		D213CF0A989A467BAE2B37D0 /* Debug */ = {
			isa = XCBuildConfiguration;
			buildSettings = {
				COMBINE_HIDPI_IMAGES = YES;
				EXECUTABLE_PREFIX = "";
				EXECUTABLE_SUFFIX = "";
				GCC_GENERATE_DEBUGGING_SYMBOLS = YES;
				GCC_INLINES_ARE_PRIVATE_EXTERN = NO;
				GCC_OPTIMIZATION_LEVEL = 0;
				GCC_PREPROCESSOR_DEFINITIONS = ("'CMAKE_INTDIR=\"$(CONFIGURATION)$(EFFECTIVE_PLATFORM_NAME)\"'");
				GCC_SYMBOLS_PRIVATE_EXTERN = NO;
				INSTALL_PATH = "";
				LIBRARY_SEARCH_PATHS = "";
				OTHER_CPLUSPLUSFLAGS = "     -std=c++0x";
				OTHER_LDFLAGS = " -Wl,-search_paths_first -Wl,-headerpad_max_install_names  ";
				OTHER_REZFLAGS = "";
				PRODUCT_NAME = UnscentedKF;
				SECTORDER_FLAGS = "";
				SYMROOT = "/Users/denyskrut/Documents/Unscented-Kalman-Filter";
				USE_HEADERMAP = NO;
				WARNING_CFLAGS = ("-Wmost","-Wno-four-char-constants","-Wno-unknown-pragmas","$(inherited)");
			};
			name = Debug;
		};
		DF7D68AE0915434D9E88FEA7 /* RelWithDebInfo */ = {
			isa = XCBuildConfiguration;
			buildSettings = {
				COMBINE_HIDPI_IMAGES = YES;
				EXECUTABLE_PREFIX = "";
				EXECUTABLE_SUFFIX = "";
				GCC_GENERATE_DEBUGGING_SYMBOLS = YES;
				GCC_INLINES_ARE_PRIVATE_EXTERN = NO;
				GCC_OPTIMIZATION_LEVEL = 2;
				GCC_PREPROCESSOR_DEFINITIONS = ("'CMAKE_INTDIR=\"$(CONFIGURATION)$(EFFECTIVE_PLATFORM_NAME)\"'");
				GCC_SYMBOLS_PRIVATE_EXTERN = NO;
				INSTALL_PATH = "";
				LIBRARY_SEARCH_PATHS = "";
				OTHER_CPLUSPLUSFLAGS = "       -DNDEBUG   -std=c++0x";
				OTHER_LDFLAGS = " -Wl,-search_paths_first -Wl,-headerpad_max_install_names  ";
				OTHER_REZFLAGS = "";
				PRODUCT_NAME = UnscentedKF;
				SECTORDER_FLAGS = "";
				SYMROOT = "/Users/denyskrut/Documents/Unscented-Kalman-Filter";
				USE_HEADERMAP = NO;
				WARNING_CFLAGS = ("-Wmost","-Wno-four-char-constants","-Wno-unknown-pragmas","$(inherited)");
			};
			name = RelWithDebInfo;
		};
		E602941A383A4650A6C84DC7 /* MinSizeRel */ = {
			isa = XCBuildConfiguration;
			buildSettings = {
				COMBINE_HIDPI_IMAGES = YES;
				GCC_GENERATE_DEBUGGING_SYMBOLS = YES;
				GCC_INLINES_ARE_PRIVATE_EXTERN = NO;
				GCC_OPTIMIZATION_LEVEL = 0;
				GCC_PREPROCESSOR_DEFINITIONS = ("'CMAKE_INTDIR=\"$(CONFIGURATION)$(EFFECTIVE_PLATFORM_NAME)\"'");
				GCC_SYMBOLS_PRIVATE_EXTERN = NO;
				INSTALL_PATH = "";
				OTHER_LDFLAGS = " ";
				OTHER_REZFLAGS = "";
				PRODUCT_NAME = ALL_BUILD;
				SECTORDER_FLAGS = "";
				SYMROOT = "/Users/denyskrut/Documents/Unscented-Kalman-Filter";
				USE_HEADERMAP = NO;
				WARNING_CFLAGS = ("-Wmost","-Wno-four-char-constants","-Wno-unknown-pragmas","$(inherited)");
			};
			name = MinSizeRel;
		};
		E69D1B410A6742479BA6B4E4 /* Debug */ = {
			isa = XCBuildConfiguration;
			buildSettings = {
				COMBINE_HIDPI_IMAGES = YES;
				GCC_GENERATE_DEBUGGING_SYMBOLS = YES;
				GCC_INLINES_ARE_PRIVATE_EXTERN = NO;
				GCC_OPTIMIZATION_LEVEL = 0;
				GCC_PREPROCESSOR_DEFINITIONS = ("'CMAKE_INTDIR=\"$(CONFIGURATION)$(EFFECTIVE_PLATFORM_NAME)\"'");
				GCC_SYMBOLS_PRIVATE_EXTERN = NO;
				INSTALL_PATH = "";
				OTHER_LDFLAGS = " ";
				OTHER_REZFLAGS = "";
				PRODUCT_NAME = ZERO_CHECK;
				SECTORDER_FLAGS = "";
				SYMROOT = "/Users/denyskrut/Documents/Unscented-Kalman-Filter";
				USE_HEADERMAP = NO;
				WARNING_CFLAGS = ("-Wmost","-Wno-four-char-constants","-Wno-unknown-pragmas","$(inherited)");
			};
			name = Debug;
		};
		F69EF1F457B7416E8A27F0FC /* MinSizeRel */ = {
			isa = XCBuildConfiguration;
			buildSettings = {
				COMBINE_HIDPI_IMAGES = YES;
				EXECUTABLE_PREFIX = "";
				EXECUTABLE_SUFFIX = "";
				GCC_GENERATE_DEBUGGING_SYMBOLS = NO;
				GCC_INLINES_ARE_PRIVATE_EXTERN = NO;
				GCC_OPTIMIZATION_LEVEL = s;
				GCC_PREPROCESSOR_DEFINITIONS = ("'CMAKE_INTDIR=\"$(CONFIGURATION)$(EFFECTIVE_PLATFORM_NAME)\"'");
				GCC_SYMBOLS_PRIVATE_EXTERN = NO;
				INSTALL_PATH = "";
				LIBRARY_SEARCH_PATHS = "";
				OTHER_CPLUSPLUSFLAGS = "    -DNDEBUG   -std=c++0x";
				OTHER_LDFLAGS = " -Wl,-search_paths_first -Wl,-headerpad_max_install_names  ";
				OTHER_REZFLAGS = "";
				PRODUCT_NAME = UnscentedKF;
				SECTORDER_FLAGS = "";
				SYMROOT = "/Users/denyskrut/Documents/Unscented-Kalman-Filter";
				USE_HEADERMAP = NO;
				WARNING_CFLAGS = ("-Wmost","-Wno-four-char-constants","-Wno-unknown-pragmas","$(inherited)");
			};
			name = MinSizeRel;
		};
/* End XCBuildConfiguration section */

/* Begin XCConfigurationList section */
		325C50A777E342AE8FE699BB /* Build configuration list for PBXProject "UnscentedKF" */ = {
			isa = XCConfigurationList;
			buildConfigurations = (
				26B467BEA78741CCB544087C /* Debug */,
				1FCC9A76ED58453FA4E2889D /* Release */,
				3F0D406BA798490AAC6F6881 /* MinSizeRel */,
				68C457ACE36F4EF488EC18CC /* RelWithDebInfo */,
			);
			defaultConfigurationIsVisible = 0;
			defaultConfigurationName = Debug;
		};
		3C4A0D0A9D0F4478A5C0EE35 /* Build configuration list for PBXAggregateTarget "ALL_BUILD" */ = {
			isa = XCConfigurationList;
			buildConfigurations = (
				43F874C295C143D0949B0562 /* Debug */,
				C77A07C07D3547A09B61C19F /* Release */,
				E602941A383A4650A6C84DC7 /* MinSizeRel */,
				6C6FE68D13B449DB9D884690 /* RelWithDebInfo */,
			);
			defaultConfigurationIsVisible = 0;
			defaultConfigurationName = Debug;
		};
		BD41C714558344288BE69C60 /* Build configuration list for PBXAggregateTarget "ZERO_CHECK" */ = {
			isa = XCConfigurationList;
			buildConfigurations = (
				E69D1B410A6742479BA6B4E4 /* Debug */,
				10611DB2D95A49E88D73DACF /* Release */,
				0253C06889244A20A804DB11 /* MinSizeRel */,
				A9375740DF164336BD7A22DA /* RelWithDebInfo */,
			);
			defaultConfigurationIsVisible = 0;
			defaultConfigurationName = Debug;
		};
		C76ADB68A8ED4B7E9AC6612C /* Build configuration list for PBXNativeTarget "UnscentedKF" */ = {
			isa = XCConfigurationList;
			buildConfigurations = (
				D213CF0A989A467BAE2B37D0 /* Debug */,
				833E4BF1CA3445D79F441C0B /* Release */,
				F69EF1F457B7416E8A27F0FC /* MinSizeRel */,
				DF7D68AE0915434D9E88FEA7 /* RelWithDebInfo */,
			);
			defaultConfigurationIsVisible = 0;
			defaultConfigurationName = Debug;
		};
/* End XCConfigurationList section */
	};
	rootObject = 2160E2C95CB44B4ABB000092 /* Project object */;
}
