// !$*UTF8*$!
{
	archiveVersion = 1;
	classes = {
	};
	objectVersion = 46;
	objects = {

/* Begin PBXAggregateTarget section */
		B797119DB53842BABDA266A7 /* ZERO_CHECK */ = {
			isa = PBXAggregateTarget;
			buildConfigurationList = 3C743E2A01C94B81A314B68A /* Build configuration list for PBXAggregateTarget "ZERO_CHECK" */;
			buildPhases = (
				8147BF31403549FEBB2E99E7 /* CMake Rules */,
			);
			dependencies = (
			);
			name = ZERO_CHECK;
			productName = ZERO_CHECK;
		};
		FF6DD92339D9499199E3B217 /* ALL_BUILD */ = {
			isa = PBXAggregateTarget;
			buildConfigurationList = 5E1DC04012CB4B06BC917D5E /* Build configuration list for PBXAggregateTarget "ALL_BUILD" */;
			buildPhases = (
				E90A2A33E7C84463B26FD0C9 /* CMake Rules */,
			);
			dependencies = (
				31CED348259945EEBE7AB3AD /* PBXTargetDependency */,
				B749C44EFA9148F1942C0F5A /* PBXTargetDependency */,
			);
			name = ALL_BUILD;
			productName = ALL_BUILD;
		};
/* End PBXAggregateTarget section */

/* Begin PBXBuildFile section */
		099516BE00594379A5341B9F /* /Users/denyskrut/Documents/Unscented-Kalman-Filter/CMakeLists.txt */ = {isa = PBXBuildFile; fileRef = E040492209BA492DBA72D298 /* /Users/denyskrut/Documents/Unscented-Kalman-Filter/CMakeLists.txt */; };
		245ED7A64F804E2C87DC97A4 /* /Users/denyskrut/Documents/Unscented-Kalman-Filter/src/tools.cpp */ = {isa = PBXBuildFile; fileRef = 11233C3A441A4BA68FAC36AE /* /Users/denyskrut/Documents/Unscented-Kalman-Filter/src/tools.cpp */; };
		348D14240AF2490B87DE47E9 /* /Users/denyskrut/Documents/Unscented-Kalman-Filter/src/ukf.cpp */ = {isa = PBXBuildFile; fileRef = 2F8DC0A4410F4F6BAC29EE19 /* /Users/denyskrut/Documents/Unscented-Kalman-Filter/src/ukf.cpp */; };
		4722925C2EEC428F806F8AC7 /* /Users/denyskrut/Documents/Unscented-Kalman-Filter/src/main.cpp */ = {isa = PBXBuildFile; fileRef = A1F65BB77CE04CB78D0476BE /* /Users/denyskrut/Documents/Unscented-Kalman-Filter/src/main.cpp */; };
/* End PBXBuildFile section */

/* Begin PBXBuildStyle section */
		17D87213A88948529DD2F98C /* Debug */ = {
			isa = PBXBuildStyle;
			buildSettings = {
				COPY_PHASE_STRIP = NO;
			};
			name = Debug;
		};
		58B9D72078FC4502A70F9FD6 /* MinSizeRel */ = {
			isa = PBXBuildStyle;
			buildSettings = {
				COPY_PHASE_STRIP = NO;
			};
			name = MinSizeRel;
		};
		8369201BED9B4A69BA29700C /* Release */ = {
			isa = PBXBuildStyle;
			buildSettings = {
				COPY_PHASE_STRIP = NO;
			};
			name = Release;
		};
		E65659D398D34BB38A24FA1E /* RelWithDebInfo */ = {
			isa = PBXBuildStyle;
			buildSettings = {
				COPY_PHASE_STRIP = NO;
			};
			name = RelWithDebInfo;
		};
		EBD76CDB597642CDAA6FD02A = {
			isa = PBXBuildStyle;
		};
/* End PBXBuildStyle section */

/* Begin PBXContainerItemProxy section */
		1E75003E08824F3F9A033399 /* PBXContainerItemProxy */ = {
			isa = PBXContainerItemProxy;
			containerPortal = 8A4A05AE1D39439AB045470A /* Project object */;
			proxyType = 1;
			remoteGlobalIDString = B797119DB53842BABDA266A7;
			remoteInfo = ZERO_CHECK;
		};
		27A0EA02213E435E9900418B /* PBXContainerItemProxy */ = {
			isa = PBXContainerItemProxy;
			containerPortal = 8A4A05AE1D39439AB045470A /* Project object */;
			proxyType = 1;
			remoteGlobalIDString = B797119DB53842BABDA266A7;
			remoteInfo = ZERO_CHECK;
		};
		31E049C7DFE0424E9E24F7AC /* PBXContainerItemProxy */ = {
			isa = PBXContainerItemProxy;
			containerPortal = 8A4A05AE1D39439AB045470A /* Project object */;
			proxyType = 1;
			remoteGlobalIDString = DB87017DCD0B4635A73837A5;
			remoteInfo = UnscentedKF;
		};
/* End PBXContainerItemProxy section */

/* Begin PBXFileReference section */
		11233C3A441A4BA68FAC36AE /* /Users/denyskrut/Documents/Unscented-Kalman-Filter/src/tools.cpp */ = {isa = PBXFileReference; explicitFileType = sourcecode.cpp.cpp; fileEncoding = 4; name = tools.cpp; path = src/tools.cpp; sourceTree = SOURCE_ROOT; };
		2F8DC0A4410F4F6BAC29EE19 /* /Users/denyskrut/Documents/Unscented-Kalman-Filter/src/ukf.cpp */ = {isa = PBXFileReference; explicitFileType = sourcecode.cpp.cpp; fileEncoding = 4; name = ukf.cpp; path = src/ukf.cpp; sourceTree = SOURCE_ROOT; };
		4E78553B3C70459584CCDF08 /* UnscentedKF */ = {isa = PBXFileReference; explicitFileType = "compiled.mach-o.executable"; path = UnscentedKF; sourceTree = BUILT_PRODUCTS_DIR; };
		A1F65BB77CE04CB78D0476BE /* /Users/denyskrut/Documents/Unscented-Kalman-Filter/src/main.cpp */ = {isa = PBXFileReference; explicitFileType = sourcecode.cpp.cpp; fileEncoding = 4; name = main.cpp; path = src/main.cpp; sourceTree = SOURCE_ROOT; };
		C3FB9DE3832A4002BCD1CCBD /* /Users/denyskrut/Documents/Unscented-Kalman-Filter/CMakeLists.txt */ = {isa = PBXFileReference; explicitFileType = sourcecode.text; fileEncoding = 4; name = CMakeLists.txt; path = CMakeLists.txt; sourceTree = SOURCE_ROOT; };
		E040492209BA492DBA72D298 /* /Users/denyskrut/Documents/Unscented-Kalman-Filter/CMakeLists.txt */ = {isa = PBXFileReference; explicitFileType = sourcecode.text; fileEncoding = 4; name = CMakeLists.txt; path = CMakeLists.txt; sourceTree = SOURCE_ROOT; };
		F9855D6F16DB4DB184B71BA7 /* /Users/denyskrut/Documents/Unscented-Kalman-Filter/CMakeLists.txt */ = {isa = PBXFileReference; explicitFileType = sourcecode.text; fileEncoding = 4; name = CMakeLists.txt; path = CMakeLists.txt; sourceTree = SOURCE_ROOT; };
/* End PBXFileReference section */

/* Begin PBXGroup section */
		05B36C19E2E745539B116CCD /* ZERO_CHECK */ = {
			isa = PBXGroup;
			children = (
				848F94D03B474ED7B577FC0A /* CMake Rules */,
				C3FB9DE3832A4002BCD1CCBD /* /Users/denyskrut/Documents/Unscented-Kalman-Filter/CMakeLists.txt */,
			);
			name = ZERO_CHECK;
			sourceTree = "<group>";
		};
		14CF9D8B4BBD430BBDB4C49F /* UnscentedKF */ = {
			isa = PBXGroup;
			children = (
				D88DE1D1596E4398813E65CB /* Source Files */,
				E040492209BA492DBA72D298 /* /Users/denyskrut/Documents/Unscented-Kalman-Filter/CMakeLists.txt */,
			);
			name = UnscentedKF;
			sourceTree = "<group>";
		};
		445448560A0B48C19C57CF19 /* Products */ = {
			isa = PBXGroup;
			children = (
				4E78553B3C70459584CCDF08 /* UnscentedKF */,
			);
			name = Products;
			sourceTree = "<group>";
		};
		6A6BF0E10EF6466D89D8783B /* CMake Rules */ = {
			isa = PBXGroup;
			children = (
			);
			name = "CMake Rules";
			sourceTree = "<group>";
		};
		70185C0576744DD0B799EF1C /* Resources */ = {
			isa = PBXGroup;
			children = (
			);
			name = Resources;
			sourceTree = "<group>";
		};
		848F94D03B474ED7B577FC0A /* CMake Rules */ = {
			isa = PBXGroup;
			children = (
			);
			name = "CMake Rules";
			sourceTree = "<group>";
		};
		B7017F22ACFD422FAFB15BB4 /* ALL_BUILD */ = {
			isa = PBXGroup;
			children = (
				6A6BF0E10EF6466D89D8783B /* CMake Rules */,
				F9855D6F16DB4DB184B71BA7 /* /Users/denyskrut/Documents/Unscented-Kalman-Filter/CMakeLists.txt */,
			);
			name = ALL_BUILD;
			sourceTree = "<group>";
		};
		CC28433E1C1C455CB8E2BB69 /* Sources */ = {
			isa = PBXGroup;
			children = (
				14CF9D8B4BBD430BBDB4C49F /* UnscentedKF */,
				B7017F22ACFD422FAFB15BB4 /* ALL_BUILD */,
				05B36C19E2E745539B116CCD /* ZERO_CHECK */,
			);
			name = Sources;
			sourceTree = "<group>";
		};
		D88DE1D1596E4398813E65CB /* Source Files */ = {
			isa = PBXGroup;
			children = (
				A1F65BB77CE04CB78D0476BE /* /Users/denyskrut/Documents/Unscented-Kalman-Filter/src/main.cpp */,
				11233C3A441A4BA68FAC36AE /* /Users/denyskrut/Documents/Unscented-Kalman-Filter/src/tools.cpp */,
				2F8DC0A4410F4F6BAC29EE19 /* /Users/denyskrut/Documents/Unscented-Kalman-Filter/src/ukf.cpp */,
			);
			name = "Source Files";
			sourceTree = "<group>";
		};
		F55E1F56F93443B29070C1B9 = {
			isa = PBXGroup;
			children = (
				CC28433E1C1C455CB8E2BB69 /* Sources */,
				70185C0576744DD0B799EF1C /* Resources */,
				445448560A0B48C19C57CF19 /* Products */,
			);
			sourceTree = "<group>";
		};
/* End PBXGroup section */

/* Begin PBXNativeTarget section */
		DB87017DCD0B4635A73837A5 /* UnscentedKF */ = {
			isa = PBXNativeTarget;
			buildConfigurationList = BB8A68DE7D924FF9966E7B2A /* Build configuration list for PBXNativeTarget "UnscentedKF" */;
			buildPhases = (
				D6D11E1E458347BABC9E43A8 /* Sources */,
			);
			buildRules = (
			);
			dependencies = (
				5381789973A74AC8ADB7EBF1 /* PBXTargetDependency */,
			);
			name = UnscentedKF;
			productName = UnscentedKF;
			productReference = 4E78553B3C70459584CCDF08 /* UnscentedKF */;
			productType = "com.apple.product-type.tool";
		};
/* End PBXNativeTarget section */

/* Begin PBXProject section */
		8A4A05AE1D39439AB045470A /* Project object */ = {
			isa = PBXProject;
			attributes = {
				BuildIndependentTargetsInParallel = YES;
				LastUpgradeCheck = 0830;
			};
			buildConfigurationList = 0D4EC9AA4D25492ABA4CB796 /* Build configuration list for PBXProject "UnscentedKF" */;
			buildSettings = {
			};
			buildStyles = (
				17D87213A88948529DD2F98C /* Debug */,
				8369201BED9B4A69BA29700C /* Release */,
				58B9D72078FC4502A70F9FD6 /* MinSizeRel */,
				E65659D398D34BB38A24FA1E /* RelWithDebInfo */,
			);
			compatibilityVersion = "Xcode 3.2";
			hasScannedForEncodings = 0;
			mainGroup = F55E1F56F93443B29070C1B9;
			projectDirPath = .;
			projectRoot = "";
			targets = (
				FF6DD92339D9499199E3B217 /* ALL_BUILD */,
				DB87017DCD0B4635A73837A5 /* UnscentedKF */,
				B797119DB53842BABDA266A7 /* ZERO_CHECK */,
			);
		};
/* End PBXProject section */

/* Begin PBXShellScriptBuildPhase section */
		048E618971144361AEAB98BA = {
			isa = PBXShellScriptBuildPhase;
			buildActionMask = 2147483647;
			files = (
			);
			inputPaths = (
			);
			outputPaths = (
			);
			runOnlyForDeploymentPostprocessing = 0;
			shellPath = /bin/sh;
			shellScript = "# shell script goes here
exit 0";
			showEnvVarsInLog = 0;
		};
		8147BF31403549FEBB2E99E7 /* CMake Rules */ = {
			isa = PBXShellScriptBuildPhase;
			buildActionMask = 2147483647;
			files = (
			);
			name = "CMake Rules";
			runOnlyForDeploymentPostprocessing = 0;
			shellPath = /bin/sh;
			shellScript = "make -C /Users/denyskrut/Documents/Unscented-Kalman-Filter -f /Users/denyskrut/Documents/Unscented-Kalman-Filter/CMakeScripts/ZERO_CHECK_cmakeRulesBuildPhase.make$CONFIGURATION all";
			showEnvVarsInLog = 0;
		};
		E3CB469DB66A4D0E848E0621 = {
			isa = PBXShellScriptBuildPhase;
			buildActionMask = 2147483647;
			files = (
			);
			inputPaths = (
			);
			outputPaths = (
			);
			runOnlyForDeploymentPostprocessing = 0;
			shellPath = /bin/sh;
			shellScript = "# shell script goes here
exit 0";
			showEnvVarsInLog = 0;
		};
		E90A2A33E7C84463B26FD0C9 /* CMake Rules */ = {
			isa = PBXShellScriptBuildPhase;
			buildActionMask = 2147483647;
			files = (
			);
			name = "CMake Rules";
			runOnlyForDeploymentPostprocessing = 0;
			shellPath = /bin/sh;
			shellScript = "make -C /Users/denyskrut/Documents/Unscented-Kalman-Filter -f /Users/denyskrut/Documents/Unscented-Kalman-Filter/CMakeScripts/ALL_BUILD_cmakeRulesBuildPhase.make$CONFIGURATION all";
			showEnvVarsInLog = 0;
		};
/* End PBXShellScriptBuildPhase section */

/* Begin PBXSourcesBuildPhase section */
		D6D11E1E458347BABC9E43A8 /* Sources */ = {
			isa = PBXSourcesBuildPhase;
			buildActionMask = 2147483647;
			files = (
				4722925C2EEC428F806F8AC7 /* /Users/denyskrut/Documents/Unscented-Kalman-Filter/src/main.cpp */,
				245ED7A64F804E2C87DC97A4 /* /Users/denyskrut/Documents/Unscented-Kalman-Filter/src/tools.cpp */,
				348D14240AF2490B87DE47E9 /* /Users/denyskrut/Documents/Unscented-Kalman-Filter/src/ukf.cpp */,
			);
			runOnlyForDeploymentPostprocessing = 0;
		};
/* End PBXSourcesBuildPhase section */

/* Begin PBXTargetDependency section */
		31CED348259945EEBE7AB3AD /* PBXTargetDependency */ = {
			isa = PBXTargetDependency;
			target = B797119DB53842BABDA266A7 /* ZERO_CHECK */;
			targetProxy = 1E75003E08824F3F9A033399 /* PBXContainerItemProxy */;
		};
		5381789973A74AC8ADB7EBF1 /* PBXTargetDependency */ = {
			isa = PBXTargetDependency;
			target = B797119DB53842BABDA266A7 /* ZERO_CHECK */;
			targetProxy = 27A0EA02213E435E9900418B /* PBXContainerItemProxy */;
		};
		B749C44EFA9148F1942C0F5A /* PBXTargetDependency */ = {
			isa = PBXTargetDependency;
			target = DB87017DCD0B4635A73837A5 /* UnscentedKF */;
			targetProxy = 31E049C7DFE0424E9E24F7AC /* PBXContainerItemProxy */;
		};
/* End PBXTargetDependency section */

/* Begin XCBuildConfiguration section */
		08DC8C4196F840099A3F0CFC /* Release */ = {
			isa = XCBuildConfiguration;
			buildSettings = {
				COMBINE_HIDPI_IMAGES = YES;
				GCC_GENERATE_DEBUGGING_SYMBOLS = YES;
				GCC_INLINES_ARE_PRIVATE_EXTERN = NO;
				GCC_OPTIMIZATION_LEVEL = 0;
				GCC_PREPROCESSOR_DEFINITIONS = ("'CMAKE_INTDIR=\"$(CONFIGURATION)$(EFFECTIVE_PLATFORM_NAME)\"'");
				GCC_SYMBOLS_PRIVATE_EXTERN = NO;
				INSTALL_PATH = "";
				OTHER_LDFLAGS = " ";
				OTHER_REZFLAGS = "";
				PRODUCT_NAME = ZERO_CHECK;
				SECTORDER_FLAGS = "";
				SYMROOT = "/Users/denyskrut/Documents/Unscented-Kalman-Filter";
				USE_HEADERMAP = NO;
				WARNING_CFLAGS = ("-Wmost","-Wno-four-char-constants","-Wno-unknown-pragmas","$(inherited)");
			};
			name = Release;
		};
		1B1CF50489694EFA9414467C /* Debug */ = {
			isa = XCBuildConfiguration;
			buildSettings = {
				COMBINE_HIDPI_IMAGES = YES;
				GCC_GENERATE_DEBUGGING_SYMBOLS = YES;
				GCC_INLINES_ARE_PRIVATE_EXTERN = NO;
				GCC_OPTIMIZATION_LEVEL = 0;
				GCC_PREPROCESSOR_DEFINITIONS = ("'CMAKE_INTDIR=\"$(CONFIGURATION)$(EFFECTIVE_PLATFORM_NAME)\"'");
				GCC_SYMBOLS_PRIVATE_EXTERN = NO;
				INSTALL_PATH = "";
				OTHER_LDFLAGS = " ";
				OTHER_REZFLAGS = "";
				PRODUCT_NAME = ALL_BUILD;
				SECTORDER_FLAGS = "";
				SYMROOT = "/Users/denyskrut/Documents/Unscented-Kalman-Filter";
				USE_HEADERMAP = NO;
				WARNING_CFLAGS = ("-Wmost","-Wno-four-char-constants","-Wno-unknown-pragmas","$(inherited)");
			};
			name = Debug;
		};
		3B2A3118FDFC4B25A2E7AC56 /* RelWithDebInfo */ = {
			isa = XCBuildConfiguration;
			buildSettings = {
				COMBINE_HIDPI_IMAGES = YES;
				GCC_GENERATE_DEBUGGING_SYMBOLS = YES;
				GCC_INLINES_ARE_PRIVATE_EXTERN = NO;
				GCC_OPTIMIZATION_LEVEL = 0;
				GCC_PREPROCESSOR_DEFINITIONS = ("'CMAKE_INTDIR=\"$(CONFIGURATION)$(EFFECTIVE_PLATFORM_NAME)\"'");
				GCC_SYMBOLS_PRIVATE_EXTERN = NO;
				INSTALL_PATH = "";
				OTHER_LDFLAGS = " ";
				OTHER_REZFLAGS = "";
				PRODUCT_NAME = ALL_BUILD;
				SECTORDER_FLAGS = "";
				SYMROOT = "/Users/denyskrut/Documents/Unscented-Kalman-Filter";
				USE_HEADERMAP = NO;
				WARNING_CFLAGS = ("-Wmost","-Wno-four-char-constants","-Wno-unknown-pragmas","$(inherited)");
			};
			name = RelWithDebInfo;
		};
		484987D935204268A2B519AE /* Release */ = {
			isa = XCBuildConfiguration;
			buildSettings = {
				ONLY_ACTIVE_ARCH = YES;
				SDKROOT = /Applications/Xcode.app/Contents/Developer/Platforms/MacOSX.platform/Developer/SDKs/MacOSX10.12.sdk;
				SYMROOT = "/Users/denyskrut/Documents/Unscented-Kalman-Filter/build";
			};
			name = Release;
		};
		5241EDF1051644FAA3724AA7 /* Debug */ = {
			isa = XCBuildConfiguration;
			buildSettings = {
				COMBINE_HIDPI_IMAGES = YES;
				GCC_GENERATE_DEBUGGING_SYMBOLS = YES;
				GCC_INLINES_ARE_PRIVATE_EXTERN = NO;
				GCC_OPTIMIZATION_LEVEL = 0;
				GCC_PREPROCESSOR_DEFINITIONS = ("'CMAKE_INTDIR=\"$(CONFIGURATION)$(EFFECTIVE_PLATFORM_NAME)\"'");
				GCC_SYMBOLS_PRIVATE_EXTERN = NO;
				INSTALL_PATH = "";
				OTHER_LDFLAGS = " ";
				OTHER_REZFLAGS = "";
				PRODUCT_NAME = ZERO_CHECK;
				SECTORDER_FLAGS = "";
				SYMROOT = "/Users/denyskrut/Documents/Unscented-Kalman-Filter";
				USE_HEADERMAP = NO;
				WARNING_CFLAGS = ("-Wmost","-Wno-four-char-constants","-Wno-unknown-pragmas","$(inherited)");
			};
			name = Debug;
		};
		5CDE8F0979AA4D2889928443 /* RelWithDebInfo */ = {
			isa = XCBuildConfiguration;
			buildSettings = {
				COMBINE_HIDPI_IMAGES = YES;
				GCC_GENERATE_DEBUGGING_SYMBOLS = YES;
				GCC_INLINES_ARE_PRIVATE_EXTERN = NO;
				GCC_OPTIMIZATION_LEVEL = 0;
				GCC_PREPROCESSOR_DEFINITIONS = ("'CMAKE_INTDIR=\"$(CONFIGURATION)$(EFFECTIVE_PLATFORM_NAME)\"'");
				GCC_SYMBOLS_PRIVATE_EXTERN = NO;
				INSTALL_PATH = "";
				OTHER_LDFLAGS = " ";
				OTHER_REZFLAGS = "";
				PRODUCT_NAME = ZERO_CHECK;
				SECTORDER_FLAGS = "";
				SYMROOT = "/Users/denyskrut/Documents/Unscented-Kalman-Filter";
				USE_HEADERMAP = NO;
				WARNING_CFLAGS = ("-Wmost","-Wno-four-char-constants","-Wno-unknown-pragmas","$(inherited)");
			};
			name = RelWithDebInfo;
		};
		61F19D048F3C414FB530FCAD /* Release */ = {
			isa = XCBuildConfiguration;
			buildSettings = {
				COMBINE_HIDPI_IMAGES = YES;
				GCC_GENERATE_DEBUGGING_SYMBOLS = YES;
				GCC_INLINES_ARE_PRIVATE_EXTERN = NO;
				GCC_OPTIMIZATION_LEVEL = 0;
				GCC_PREPROCESSOR_DEFINITIONS = ("'CMAKE_INTDIR=\"$(CONFIGURATION)$(EFFECTIVE_PLATFORM_NAME)\"'");
				GCC_SYMBOLS_PRIVATE_EXTERN = NO;
				INSTALL_PATH = "";
				OTHER_LDFLAGS = " ";
				OTHER_REZFLAGS = "";
				PRODUCT_NAME = ALL_BUILD;
				SECTORDER_FLAGS = "";
				SYMROOT = "/Users/denyskrut/Documents/Unscented-Kalman-Filter";
				USE_HEADERMAP = NO;
				WARNING_CFLAGS = ("-Wmost","-Wno-four-char-constants","-Wno-unknown-pragmas","$(inherited)");
			};
			name = Release;
		};
		69569EB8AE4B4C97B6AC38C4 /* Debug */ = {
			isa = XCBuildConfiguration;
			buildSettings = {
				COMBINE_HIDPI_IMAGES = YES;
				EXECUTABLE_PREFIX = "";
				EXECUTABLE_SUFFIX = "";
				GCC_GENERATE_DEBUGGING_SYMBOLS = YES;
				GCC_INLINES_ARE_PRIVATE_EXTERN = NO;
				GCC_OPTIMIZATION_LEVEL = 0;
				GCC_PREPROCESSOR_DEFINITIONS = ("'CMAKE_INTDIR=\"$(CONFIGURATION)$(EFFECTIVE_PLATFORM_NAME)\"'");
				GCC_SYMBOLS_PRIVATE_EXTERN = NO;
				INSTALL_PATH = "";
				LIBRARY_SEARCH_PATHS = "";
				OTHER_CPLUSPLUSFLAGS = "     -std=c++0x";
				OTHER_LDFLAGS = " -Wl,-search_paths_first -Wl,-headerpad_max_install_names  ";
				OTHER_REZFLAGS = "";
				PRODUCT_NAME = UnscentedKF;
				SECTORDER_FLAGS = "";
				SYMROOT = "/Users/denyskrut/Documents/Unscented-Kalman-Filter";
				USE_HEADERMAP = NO;
				WARNING_CFLAGS = ("-Wmost","-Wno-four-char-constants","-Wno-unknown-pragmas","$(inherited)");
			};
			name = Debug;
		};
		771F946B433042DB8FC69572 /* MinSizeRel */ = {
			isa = XCBuildConfiguration;
			buildSettings = {
				COMBINE_HIDPI_IMAGES = YES;
				EXECUTABLE_PREFIX = "";
				EXECUTABLE_SUFFIX = "";
				GCC_GENERATE_DEBUGGING_SYMBOLS = NO;
				GCC_INLINES_ARE_PRIVATE_EXTERN = NO;
				GCC_OPTIMIZATION_LEVEL = s;
				GCC_PREPROCESSOR_DEFINITIONS = ("'CMAKE_INTDIR=\"$(CONFIGURATION)$(EFFECTIVE_PLATFORM_NAME)\"'");
				GCC_SYMBOLS_PRIVATE_EXTERN = NO;
				INSTALL_PATH = "";
				LIBRARY_SEARCH_PATHS = "";
				OTHER_CPLUSPLUSFLAGS = "    -DNDEBUG   -std=c++0x";
				OTHER_LDFLAGS = " -Wl,-search_paths_first -Wl,-headerpad_max_install_names  ";
				OTHER_REZFLAGS = "";
				PRODUCT_NAME = UnscentedKF;
				SECTORDER_FLAGS = "";
				SYMROOT = "/Users/denyskrut/Documents/Unscented-Kalman-Filter";
				USE_HEADERMAP = NO;
				WARNING_CFLAGS = ("-Wmost","-Wno-four-char-constants","-Wno-unknown-pragmas","$(inherited)");
			};
			name = MinSizeRel;
		};
		7CFA9F0B4DD2487EA82A411C /* MinSizeRel */ = {
			isa = XCBuildConfiguration;
			buildSettings = {
				COMBINE_HIDPI_IMAGES = YES;
				GCC_GENERATE_DEBUGGING_SYMBOLS = YES;
				GCC_INLINES_ARE_PRIVATE_EXTERN = NO;
				GCC_OPTIMIZATION_LEVEL = 0;
				GCC_PREPROCESSOR_DEFINITIONS = ("'CMAKE_INTDIR=\"$(CONFIGURATION)$(EFFECTIVE_PLATFORM_NAME)\"'");
				GCC_SYMBOLS_PRIVATE_EXTERN = NO;
				INSTALL_PATH = "";
				OTHER_LDFLAGS = " ";
				OTHER_REZFLAGS = "";
				PRODUCT_NAME = ALL_BUILD;
				SECTORDER_FLAGS = "";
				SYMROOT = "/Users/denyskrut/Documents/Unscented-Kalman-Filter";
				USE_HEADERMAP = NO;
				WARNING_CFLAGS = ("-Wmost","-Wno-four-char-constants","-Wno-unknown-pragmas","$(inherited)");
			};
			name = MinSizeRel;
		};
		949613C5F911427A97887CB5 /* Release */ = {
			isa = XCBuildConfiguration;
			buildSettings = {
				COMBINE_HIDPI_IMAGES = YES;
				EXECUTABLE_PREFIX = "";
				EXECUTABLE_SUFFIX = "";
				GCC_GENERATE_DEBUGGING_SYMBOLS = NO;
				GCC_INLINES_ARE_PRIVATE_EXTERN = NO;
				GCC_OPTIMIZATION_LEVEL = 3;
				GCC_PREPROCESSOR_DEFINITIONS = ("'CMAKE_INTDIR=\"$(CONFIGURATION)$(EFFECTIVE_PLATFORM_NAME)\"'");
				GCC_SYMBOLS_PRIVATE_EXTERN = NO;
				INSTALL_PATH = "";
				LIBRARY_SEARCH_PATHS = "";
				OTHER_CPLUSPLUSFLAGS = "    -DNDEBUG   -std=c++0x";
				OTHER_LDFLAGS = " -Wl,-search_paths_first -Wl,-headerpad_max_install_names  ";
				OTHER_REZFLAGS = "";
				PRODUCT_NAME = UnscentedKF;
				SECTORDER_FLAGS = "";
				SYMROOT = "/Users/denyskrut/Documents/Unscented-Kalman-Filter";
				USE_HEADERMAP = NO;
				WARNING_CFLAGS = ("-Wmost","-Wno-four-char-constants","-Wno-unknown-pragmas","$(inherited)");
			};
			name = Release;
		};
		958A46ECBE0A457391DF5FE5 /* Debug */ = {
			isa = XCBuildConfiguration;
			buildSettings = {
				ONLY_ACTIVE_ARCH = YES;
				SDKROOT = /Applications/Xcode.app/Contents/Developer/Platforms/MacOSX.platform/Developer/SDKs/MacOSX10.12.sdk;
				SYMROOT = "/Users/denyskrut/Documents/Unscented-Kalman-Filter/build";
			};
			name = Debug;
		};
		9E6E81D3B15A4584B4A8BB81 /* MinSizeRel */ = {
			isa = XCBuildConfiguration;
			buildSettings = {
				COMBINE_HIDPI_IMAGES = YES;
				GCC_GENERATE_DEBUGGING_SYMBOLS = YES;
				GCC_INLINES_ARE_PRIVATE_EXTERN = NO;
				GCC_OPTIMIZATION_LEVEL = 0;
				GCC_PREPROCESSOR_DEFINITIONS = ("'CMAKE_INTDIR=\"$(CONFIGURATION)$(EFFECTIVE_PLATFORM_NAME)\"'");
				GCC_SYMBOLS_PRIVATE_EXTERN = NO;
				INSTALL_PATH = "";
				OTHER_LDFLAGS = " ";
				OTHER_REZFLAGS = "";
				PRODUCT_NAME = ZERO_CHECK;
				SECTORDER_FLAGS = "";
				SYMROOT = "/Users/denyskrut/Documents/Unscented-Kalman-Filter";
				USE_HEADERMAP = NO;
				WARNING_CFLAGS = ("-Wmost","-Wno-four-char-constants","-Wno-unknown-pragmas","$(inherited)");
			};
			name = MinSizeRel;
		};
		B8BA5D724CF84B1E80360CCB /* RelWithDebInfo */ = {
			isa = XCBuildConfiguration;
			buildSettings = {
				COMBINE_HIDPI_IMAGES = YES;
				EXECUTABLE_PREFIX = "";
				EXECUTABLE_SUFFIX = "";
				GCC_GENERATE_DEBUGGING_SYMBOLS = YES;
				GCC_INLINES_ARE_PRIVATE_EXTERN = NO;
				GCC_OPTIMIZATION_LEVEL = 2;
				GCC_PREPROCESSOR_DEFINITIONS = ("'CMAKE_INTDIR=\"$(CONFIGURATION)$(EFFECTIVE_PLATFORM_NAME)\"'");
				GCC_SYMBOLS_PRIVATE_EXTERN = NO;
				INSTALL_PATH = "";
				LIBRARY_SEARCH_PATHS = "";
				OTHER_CPLUSPLUSFLAGS = "       -DNDEBUG   -std=c++0x";
				OTHER_LDFLAGS = " -Wl,-search_paths_first -Wl,-headerpad_max_install_names  ";
				OTHER_REZFLAGS = "";
				PRODUCT_NAME = UnscentedKF;
				SECTORDER_FLAGS = "";
				SYMROOT = "/Users/denyskrut/Documents/Unscented-Kalman-Filter";
				USE_HEADERMAP = NO;
				WARNING_CFLAGS = ("-Wmost","-Wno-four-char-constants","-Wno-unknown-pragmas","$(inherited)");
			};
			name = RelWithDebInfo;
		};
		EA9A31CED62743C09ED63B1A /* RelWithDebInfo */ = {
			isa = XCBuildConfiguration;
			buildSettings = {
				ONLY_ACTIVE_ARCH = YES;
				SDKROOT = /Applications/Xcode.app/Contents/Developer/Platforms/MacOSX.platform/Developer/SDKs/MacOSX10.12.sdk;
				SYMROOT = "/Users/denyskrut/Documents/Unscented-Kalman-Filter/build";
			};
			name = RelWithDebInfo;
		};
		F5A52883ABF64D92B574FBE1 /* MinSizeRel */ = {
			isa = XCBuildConfiguration;
			buildSettings = {
				ONLY_ACTIVE_ARCH = YES;
				SDKROOT = /Applications/Xcode.app/Contents/Developer/Platforms/MacOSX.platform/Developer/SDKs/MacOSX10.12.sdk;
				SYMROOT = "/Users/denyskrut/Documents/Unscented-Kalman-Filter/build";
			};
			name = MinSizeRel;
		};
/* End XCBuildConfiguration section */

/* Begin XCConfigurationList section */
		0D4EC9AA4D25492ABA4CB796 /* Build configuration list for PBXProject "UnscentedKF" */ = {
			isa = XCConfigurationList;
			buildConfigurations = (
				958A46ECBE0A457391DF5FE5 /* Debug */,
				484987D935204268A2B519AE /* Release */,
				F5A52883ABF64D92B574FBE1 /* MinSizeRel */,
				EA9A31CED62743C09ED63B1A /* RelWithDebInfo */,
			);
			defaultConfigurationIsVisible = 0;
			defaultConfigurationName = Debug;
		};
		3C743E2A01C94B81A314B68A /* Build configuration list for PBXAggregateTarget "ZERO_CHECK" */ = {
			isa = XCConfigurationList;
			buildConfigurations = (
				5241EDF1051644FAA3724AA7 /* Debug */,
				08DC8C4196F840099A3F0CFC /* Release */,
				9E6E81D3B15A4584B4A8BB81 /* MinSizeRel */,
				5CDE8F0979AA4D2889928443 /* RelWithDebInfo */,
			);
			defaultConfigurationIsVisible = 0;
			defaultConfigurationName = Debug;
		};
		5E1DC04012CB4B06BC917D5E /* Build configuration list for PBXAggregateTarget "ALL_BUILD" */ = {
			isa = XCConfigurationList;
			buildConfigurations = (
				1B1CF50489694EFA9414467C /* Debug */,
				61F19D048F3C414FB530FCAD /* Release */,
				7CFA9F0B4DD2487EA82A411C /* MinSizeRel */,
				3B2A3118FDFC4B25A2E7AC56 /* RelWithDebInfo */,
			);
			defaultConfigurationIsVisible = 0;
			defaultConfigurationName = Debug;
		};
		BB8A68DE7D924FF9966E7B2A /* Build configuration list for PBXNativeTarget "UnscentedKF" */ = {
			isa = XCConfigurationList;
			buildConfigurations = (
				69569EB8AE4B4C97B6AC38C4 /* Debug */,
				949613C5F911427A97887CB5 /* Release */,
				771F946B433042DB8FC69572 /* MinSizeRel */,
				B8BA5D724CF84B1E80360CCB /* RelWithDebInfo */,
			);
			defaultConfigurationIsVisible = 0;
			defaultConfigurationName = Debug;
		};
/* End XCConfigurationList section */
	};
	rootObject = 8A4A05AE1D39439AB045470A /* Project object */;
}
